
Microsoft Visual Studio Solution File, Format Version 12.00
# Visual Studio Version 17
VisualStudioVersion = 17.0.31903.59
MinimumVisualStudioVersion = 10.0.40219.1
Project("{FAE04EC0-301F-11D3-BF4B-00C04F79EFBC}") = "Project1", "Project1\Project1.csproj", "{F99B31C1-28B0-4E38-AD08-6C82494132A1}"
EndProject
Project("{FAE04EC0-301F-11D3-BF4B-00C04F79EFBC}") = "Project2_ObjectGeneric", "Project2_ObjectGeneric\Project2_ObjectGeneric.csproj", "{94AB1C00-3A9B-416C-9832-EF527C912684}"
EndProject
Project("{FAE04EC0-301F-11D3-BF4B-00C04F79EFBC}") = "Project3_Ref, Out, In", "Project3_Ref, Out, In\Project3_Ref, Out, In.csproj", "{D720DA28-1E86-43E0-AEB4-54235DCDF841}"
EndProject
Project("{FAE04EC0-301F-11D3-BF4B-00C04F79EFBC}") = "Project4_ReferenceType", "Project4_ReferenceType\Project4_ReferenceType.csproj", "{68BF885F-5AA4-46D2-83DE-83FD22C9F965}"
EndProject
Global
	GlobalSection(SolutionConfigurationPlatforms) = preSolution
		Debug|Any CPU = Debug|Any CPU
		Release|Any CPU = Release|Any CPU
	EndGlobalSection
	GlobalSection(SolutionProperties) = preSolution
		HideSolutionNode = FALSE
	EndGlobalSection
	GlobalSection(ProjectConfigurationPlatforms) = postSolution
		{F99B31C1-28B0-4E38-AD08-6C82494132A1}.Debug|Any CPU.ActiveCfg = Debug|Any CPU
		{F99B31C1-28B0-4E38-AD08-6C82494132A1}.Debug|Any CPU.Build.0 = Debug|Any CPU
		{F99B31C1-28B0-4E38-AD08-6C82494132A1}.Release|Any CPU.ActiveCfg = Release|Any CPU
		{F99B31C1-28B0-4E38-AD08-6C82494132A1}.Release|Any CPU.Build.0 = Release|Any CPU
		{94AB1C00-3A9B-416C-9832-EF527C912684}.Debug|Any CPU.ActiveCfg = Debug|Any CPU
		{94AB1C00-3A9B-416C-9832-EF527C912684}.Debug|Any CPU.Build.0 = Debug|Any CPU
		{94AB1C00-3A9B-416C-9832-EF527C912684}.Release|Any CPU.ActiveCfg = Release|Any CPU
		{94AB1C00-3A9B-416C-9832-EF527C912684}.Release|Any CPU.Build.0 = Release|Any CPU
		{D720DA28-1E86-43E0-AEB4-54235DCDF841}.Debug|Any CPU.ActiveCfg = Debug|Any CPU
		{D720DA28-1E86-43E0-AEB4-54235DCDF841}.Debug|Any CPU.Build.0 = Debug|Any CPU
		{D720DA28-1E86-43E0-AEB4-54235DCDF841}.Release|Any CPU.ActiveCfg = Release|Any CPU
		{D720DA28-1E86-43E0-AEB4-54235DCDF841}.Release|Any CPU.Build.0 = Release|Any CPU
		{68BF885F-5AA4-46D2-83DE-83FD22C9F965}.Debug|Any CPU.ActiveCfg = Debug|Any CPU
		{68BF885F-5AA4-46D2-83DE-83FD22C9F965}.Debug|Any CPU.Build.0 = Debug|Any CPU
		{68BF885F-5AA4-46D2-83DE-83FD22C9F965}.Release|Any CPU.ActiveCfg = Release|Any CPU
		{68BF885F-5AA4-46D2-83DE-83FD22C9F965}.Release|Any CPU.Build.0 = Release|Any CPU
	EndGlobalSection
EndGlobal
