
Microsoft Visual Studio Solution File, Format Version 12.00
# Visual Studio Version 17
VisualStudioVersion = 17.0.31903.59
MinimumVisualStudioVersion = 10.0.40219.1
Project("{FAE04EC0-301F-11D3-BF4B-00C04F79EFBC}") = "Project1_ConditionalCompilation", "Project1_ConditionalCompilation\Project1_ConditionalCompilation.csproj", "{AB7F45D4-4818-4E21-9413-E3669AD59DF0}"
EndProject
Project("{FAE04EC0-301F-11D3-BF4B-00C04F79EFBC}") = "Project2_ConditionalCompilation2", "Project2_ConditionalCompilation2\Project2_ConditionalCompilation2.csproj", "{F4F01D75-11D5-4A4B-ADA7-9E3C71CFB9D9}"
EndProject
Project("{FAE04EC0-301F-11D3-BF4B-00C04F79EFBC}") = "Project3_ConditionalCompilation", "Project3_ConditionalCompilation\Project3_ConditionalCompilation.csproj", "{C42E6C03-B976-4FF8-B904-3063C50648AF}"
EndProject
Project("{FAE04EC0-301F-11D3-BF4B-00C04F79EFBC}") = "Project4_Debugger", "Project4_Debugger\Project4_Debugger.csproj", "{3214BD70-24C9-4C7A-A635-A8AA8BD15CCF}"
EndProject
Project("{FAE04EC0-301F-11D3-BF4B-00C04F79EFBC}") = "Project5_HotReload", "Project5_HotReload\Project5_HotReload.csproj", "{A754233C-3DE0-4E91-B915-6807D14B70B3}"
EndProject
Project("{FAE04EC0-301F-11D3-BF4B-00C04F79EFBC}") = "Project6_DebugandTrace", "Project6_DebugandTrace\Project6_DebugandTrace.csproj", "{7B198E70-55DC-465C-AE74-27034268D580}"
EndProject
Project("{FAE04EC0-301F-11D3-BF4B-00C04F79EFBC}") = "Project7_DebugandTrace2", "Project7_DebugandTrace2\Project7_DebugandTrace2.csproj", "{57314338-1D54-4BA2-9461-4C837E77AA24}"
EndProject
Project("{FAE04EC0-301F-11D3-BF4B-00C04F79EFBC}") = "Project8_ConsoleTraceListener", "Project8_ConsoleTraceListener\Project8_ConsoleTraceListener.csproj", "{E2A3B101-2F0A-409E-A89F-9AC95217B081}"
EndProject
Global
	GlobalSection(SolutionConfigurationPlatforms) = preSolution
		Debug|Any CPU = Debug|Any CPU
		Release|Any CPU = Release|Any CPU
	EndGlobalSection
	GlobalSection(SolutionProperties) = preSolution
		HideSolutionNode = FALSE
	EndGlobalSection
	GlobalSection(ProjectConfigurationPlatforms) = postSolution
		{AB7F45D4-4818-4E21-9413-E3669AD59DF0}.Debug|Any CPU.ActiveCfg = Debug|Any CPU
		{AB7F45D4-4818-4E21-9413-E3669AD59DF0}.Debug|Any CPU.Build.0 = Debug|Any CPU
		{AB7F45D4-4818-4E21-9413-E3669AD59DF0}.Release|Any CPU.ActiveCfg = Release|Any CPU
		{AB7F45D4-4818-4E21-9413-E3669AD59DF0}.Release|Any CPU.Build.0 = Release|Any CPU
		{F4F01D75-11D5-4A4B-ADA7-9E3C71CFB9D9}.Debug|Any CPU.ActiveCfg = Debug|Any CPU
		{F4F01D75-11D5-4A4B-ADA7-9E3C71CFB9D9}.Debug|Any CPU.Build.0 = Debug|Any CPU
		{F4F01D75-11D5-4A4B-ADA7-9E3C71CFB9D9}.Release|Any CPU.ActiveCfg = Release|Any CPU
		{F4F01D75-11D5-4A4B-ADA7-9E3C71CFB9D9}.Release|Any CPU.Build.0 = Release|Any CPU
		{C42E6C03-B976-4FF8-B904-3063C50648AF}.Debug|Any CPU.ActiveCfg = Debug|Any CPU
		{C42E6C03-B976-4FF8-B904-3063C50648AF}.Debug|Any CPU.Build.0 = Debug|Any CPU
		{C42E6C03-B976-4FF8-B904-3063C50648AF}.Release|Any CPU.ActiveCfg = Release|Any CPU
		{C42E6C03-B976-4FF8-B904-3063C50648AF}.Release|Any CPU.Build.0 = Release|Any CPU
		{3214BD70-24C9-4C7A-A635-A8AA8BD15CCF}.Debug|Any CPU.ActiveCfg = Debug|Any CPU
		{3214BD70-24C9-4C7A-A635-A8AA8BD15CCF}.Debug|Any CPU.Build.0 = Debug|Any CPU
		{3214BD70-24C9-4C7A-A635-A8AA8BD15CCF}.Release|Any CPU.ActiveCfg = Release|Any CPU
		{3214BD70-24C9-4C7A-A635-A8AA8BD15CCF}.Release|Any CPU.Build.0 = Release|Any CPU
		{A754233C-3DE0-4E91-B915-6807D14B70B3}.Debug|Any CPU.ActiveCfg = Debug|Any CPU
		{A754233C-3DE0-4E91-B915-6807D14B70B3}.Debug|Any CPU.Build.0 = Debug|Any CPU
		{A754233C-3DE0-4E91-B915-6807D14B70B3}.Release|Any CPU.ActiveCfg = Release|Any CPU
		{A754233C-3DE0-4E91-B915-6807D14B70B3}.Release|Any CPU.Build.0 = Release|Any CPU
		{7B198E70-55DC-465C-AE74-27034268D580}.Debug|Any CPU.ActiveCfg = Debug|Any CPU
		{7B198E70-55DC-465C-AE74-27034268D580}.Debug|Any CPU.Build.0 = Debug|Any CPU
		{7B198E70-55DC-465C-AE74-27034268D580}.Release|Any CPU.ActiveCfg = Release|Any CPU
		{7B198E70-55DC-465C-AE74-27034268D580}.Release|Any CPU.Build.0 = Release|Any CPU
		{57314338-1D54-4BA2-9461-4C837E77AA24}.Debug|Any CPU.ActiveCfg = Debug|Any CPU
		{57314338-1D54-4BA2-9461-4C837E77AA24}.Debug|Any CPU.Build.0 = Debug|Any CPU
		{57314338-1D54-4BA2-9461-4C837E77AA24}.Release|Any CPU.ActiveCfg = Release|Any CPU
		{57314338-1D54-4BA2-9461-4C837E77AA24}.Release|Any CPU.Build.0 = Release|Any CPU
		{E2A3B101-2F0A-409E-A89F-9AC95217B081}.Debug|Any CPU.ActiveCfg = Debug|Any CPU
		{E2A3B101-2F0A-409E-A89F-9AC95217B081}.Debug|Any CPU.Build.0 = Debug|Any CPU
		{E2A3B101-2F0A-409E-A89F-9AC95217B081}.Release|Any CPU.ActiveCfg = Release|Any CPU
		{E2A3B101-2F0A-409E-A89F-9AC95217B081}.Release|Any CPU.Build.0 = Release|Any CPU
	EndGlobalSection
EndGlobal
