
Microsoft Visual Studio Solution File, Format Version 12.00
# Visual Studio Version 17
VisualStudioVersion = 17.0.31903.59
MinimumVisualStudioVersion = 10.0.40219.1
Project("{FAE04EC0-301F-11D3-BF4B-00C04F79EFBC}") = "Project1_FileStream", "Project1_FileStream\Project1_FileStream.csproj", "{81B67875-1DB8-487A-843F-D75E1691CECE}"
EndProject
Project("{FAE04EC0-301F-11D3-BF4B-00C04F79EFBC}") = "Project2_FileStreamOpen", "Project2_FileStreamOpen\Project2_FileStreamOpen.csproj", "{E4802A69-5C22-47F2-BF1C-57CEA17D0544}"
EndProject
Project("{FAE04EC0-301F-11D3-BF4B-00C04F79EFBC}") = "Project3_FileStreamWrite", "Project3_FileStreamWrite\Project3_FileStreamWrite.csproj", "{E0B1310C-0FB7-4852-95EC-996C6A33474E}"
EndProject
Project("{FAE04EC0-301F-11D3-BF4B-00C04F79EFBC}") = "Project4_FileStreamReader", "Project4_FileStreamReader\Project4_FileStreamReader.csproj", "{6F4EEBBC-299D-4476-95C4-9632FA7B946C}"
EndProject
Project("{FAE04EC0-301F-11D3-BF4B-00C04F79EFBC}") = "Project5_StreamReadervsStreamWriter", "Project5_StreamReadervsStreamWriter\Project5_StreamReadervsStreamWriter.csproj", "{6824EDB1-25E2-479D-BDB9-45335015C09A}"
EndProject
Project("{FAE04EC0-301F-11D3-BF4B-00C04F79EFBC}") = "Project6_StreamWriter", "Project6_StreamWriter\Project6_StreamWriter.csproj", "{0124E35C-50D9-4178-8F6C-91E061DB19A4}"
EndProject
Project("{FAE04EC0-301F-11D3-BF4B-00C04F79EFBC}") = "Project7_StreamWriterUsing", "Project7_StreamWriterUsing\Project7_StreamWriterUsing.csproj", "{0535197D-515B-478D-8F83-E150EC194481}"
EndProject
Project("{FAE04EC0-301F-11D3-BF4B-00C04F79EFBC}") = "Project8_StreamReader", "Project8_StreamReader\Project8_StreamReader.csproj", "{084AF69B-E60A-4361-BE95-5D1C2556C078}"
EndProject
Project("{FAE04EC0-301F-11D3-BF4B-00C04F79EFBC}") = "Project9_StreamReaderReadToEnd", "Project9_StreamReaderReadToEnd\Project9_StreamReaderReadToEnd.csproj", "{E137AA3C-1D4C-4823-A819-EBFB0F108987}"
EndProject
Global
	GlobalSection(SolutionConfigurationPlatforms) = preSolution
		Debug|Any CPU = Debug|Any CPU
		Release|Any CPU = Release|Any CPU
	EndGlobalSection
	GlobalSection(SolutionProperties) = preSolution
		HideSolutionNode = FALSE
	EndGlobalSection
	GlobalSection(ProjectConfigurationPlatforms) = postSolution
		{81B67875-1DB8-487A-843F-D75E1691CECE}.Debug|Any CPU.ActiveCfg = Debug|Any CPU
		{81B67875-1DB8-487A-843F-D75E1691CECE}.Debug|Any CPU.Build.0 = Debug|Any CPU
		{81B67875-1DB8-487A-843F-D75E1691CECE}.Release|Any CPU.ActiveCfg = Release|Any CPU
		{81B67875-1DB8-487A-843F-D75E1691CECE}.Release|Any CPU.Build.0 = Release|Any CPU
		{E4802A69-5C22-47F2-BF1C-57CEA17D0544}.Debug|Any CPU.ActiveCfg = Debug|Any CPU
		{E4802A69-5C22-47F2-BF1C-57CEA17D0544}.Debug|Any CPU.Build.0 = Debug|Any CPU
		{E4802A69-5C22-47F2-BF1C-57CEA17D0544}.Release|Any CPU.ActiveCfg = Release|Any CPU
		{E4802A69-5C22-47F2-BF1C-57CEA17D0544}.Release|Any CPU.Build.0 = Release|Any CPU
		{E0B1310C-0FB7-4852-95EC-996C6A33474E}.Debug|Any CPU.ActiveCfg = Debug|Any CPU
		{E0B1310C-0FB7-4852-95EC-996C6A33474E}.Debug|Any CPU.Build.0 = Debug|Any CPU
		{E0B1310C-0FB7-4852-95EC-996C6A33474E}.Release|Any CPU.ActiveCfg = Release|Any CPU
		{E0B1310C-0FB7-4852-95EC-996C6A33474E}.Release|Any CPU.Build.0 = Release|Any CPU
		{6F4EEBBC-299D-4476-95C4-9632FA7B946C}.Debug|Any CPU.ActiveCfg = Debug|Any CPU
		{6F4EEBBC-299D-4476-95C4-9632FA7B946C}.Debug|Any CPU.Build.0 = Debug|Any CPU
		{6F4EEBBC-299D-4476-95C4-9632FA7B946C}.Release|Any CPU.ActiveCfg = Release|Any CPU
		{6F4EEBBC-299D-4476-95C4-9632FA7B946C}.Release|Any CPU.Build.0 = Release|Any CPU
		{6824EDB1-25E2-479D-BDB9-45335015C09A}.Debug|Any CPU.ActiveCfg = Debug|Any CPU
		{6824EDB1-25E2-479D-BDB9-45335015C09A}.Debug|Any CPU.Build.0 = Debug|Any CPU
		{6824EDB1-25E2-479D-BDB9-45335015C09A}.Release|Any CPU.ActiveCfg = Release|Any CPU
		{6824EDB1-25E2-479D-BDB9-45335015C09A}.Release|Any CPU.Build.0 = Release|Any CPU
		{0124E35C-50D9-4178-8F6C-91E061DB19A4}.Debug|Any CPU.ActiveCfg = Debug|Any CPU
		{0124E35C-50D9-4178-8F6C-91E061DB19A4}.Debug|Any CPU.Build.0 = Debug|Any CPU
		{0124E35C-50D9-4178-8F6C-91E061DB19A4}.Release|Any CPU.ActiveCfg = Release|Any CPU
		{0124E35C-50D9-4178-8F6C-91E061DB19A4}.Release|Any CPU.Build.0 = Release|Any CPU
		{0535197D-515B-478D-8F83-E150EC194481}.Debug|Any CPU.ActiveCfg = Debug|Any CPU
		{0535197D-515B-478D-8F83-E150EC194481}.Debug|Any CPU.Build.0 = Debug|Any CPU
		{0535197D-515B-478D-8F83-E150EC194481}.Release|Any CPU.ActiveCfg = Release|Any CPU
		{0535197D-515B-478D-8F83-E150EC194481}.Release|Any CPU.Build.0 = Release|Any CPU
		{084AF69B-E60A-4361-BE95-5D1C2556C078}.Debug|Any CPU.ActiveCfg = Debug|Any CPU
		{084AF69B-E60A-4361-BE95-5D1C2556C078}.Debug|Any CPU.Build.0 = Debug|Any CPU
		{084AF69B-E60A-4361-BE95-5D1C2556C078}.Release|Any CPU.ActiveCfg = Release|Any CPU
		{084AF69B-E60A-4361-BE95-5D1C2556C078}.Release|Any CPU.Build.0 = Release|Any CPU
		{E137AA3C-1D4C-4823-A819-EBFB0F108987}.Debug|Any CPU.ActiveCfg = Debug|Any CPU
		{E137AA3C-1D4C-4823-A819-EBFB0F108987}.Debug|Any CPU.Build.0 = Debug|Any CPU
		{E137AA3C-1D4C-4823-A819-EBFB0F108987}.Release|Any CPU.ActiveCfg = Release|Any CPU
		{E137AA3C-1D4C-4823-A819-EBFB0F108987}.Release|Any CPU.Build.0 = Release|Any CPU
	EndGlobalSection
EndGlobal
