
Microsoft Visual Studio Solution File, Format Version 12.00
# Visual Studio Version 17
VisualStudioVersion = 17.0.31903.59
MinimumVisualStudioVersion = 10.0.40219.1
Project("{FAE04EC0-301F-11D3-BF4B-00C04F79EFBC}") = "Before using Froxy", "Before using Froxy\Before using Froxy.csproj", "{D9A6290B-7ADD-4FC3-A565-88579CC6FAB7}"
EndProject
Project("{FAE04EC0-301F-11D3-BF4B-00C04F79EFBC}") = "After Using Froxy", "After Using Froxy\After Using Froxy.csproj", "{5ADB3D9B-8423-49F1-8E47-488D92A69E53}"
EndProject
Global
	GlobalSection(SolutionProperties) = preSolution
		HideSolutionNode = FALSE
	EndGlobalSection
	GlobalSection(SolutionConfigurationPlatforms) = preSolution
		Debug|Any CPU = Debug|Any CPU
		Debug|x64 = Debug|x64
		Debug|x86 = Debug|x86
		Release|Any CPU = Release|Any CPU
		Release|x64 = Release|x64
		Release|x86 = Release|x86
	EndGlobalSection
	GlobalSection(ProjectConfigurationPlatforms) = postSolution
		{D9A6290B-7ADD-4FC3-A565-88579CC6FAB7}.Debug|Any CPU.ActiveCfg = Debug|Any CPU
		{D9A6290B-7ADD-4FC3-A565-88579CC6FAB7}.Debug|Any CPU.Build.0 = Debug|Any CPU
		{D9A6290B-7ADD-4FC3-A565-88579CC6FAB7}.Debug|x64.ActiveCfg = Debug|Any CPU
		{D9A6290B-7ADD-4FC3-A565-88579CC6FAB7}.Debug|x64.Build.0 = Debug|Any CPU
		{D9A6290B-7ADD-4FC3-A565-88579CC6FAB7}.Debug|x86.ActiveCfg = Debug|Any CPU
		{D9A6290B-7ADD-4FC3-A565-88579CC6FAB7}.Debug|x86.Build.0 = Debug|Any CPU
		{D9A6290B-7ADD-4FC3-A565-88579CC6FAB7}.Release|Any CPU.ActiveCfg = Release|Any CPU
		{D9A6290B-7ADD-4FC3-A565-88579CC6FAB7}.Release|Any CPU.Build.0 = Release|Any CPU
		{D9A6290B-7ADD-4FC3-A565-88579CC6FAB7}.Release|x64.ActiveCfg = Release|Any CPU
		{D9A6290B-7ADD-4FC3-A565-88579CC6FAB7}.Release|x64.Build.0 = Release|Any CPU
		{D9A6290B-7ADD-4FC3-A565-88579CC6FAB7}.Release|x86.ActiveCfg = Release|Any CPU
		{D9A6290B-7ADD-4FC3-A565-88579CC6FAB7}.Release|x86.Build.0 = Release|Any CPU
		{5ADB3D9B-8423-49F1-8E47-488D92A69E53}.Debug|Any CPU.ActiveCfg = Debug|Any CPU
		{5ADB3D9B-8423-49F1-8E47-488D92A69E53}.Debug|Any CPU.Build.0 = Debug|Any CPU
		{5ADB3D9B-8423-49F1-8E47-488D92A69E53}.Debug|x64.ActiveCfg = Debug|Any CPU
		{5ADB3D9B-8423-49F1-8E47-488D92A69E53}.Debug|x64.Build.0 = Debug|Any CPU
		{5ADB3D9B-8423-49F1-8E47-488D92A69E53}.Debug|x86.ActiveCfg = Debug|Any CPU
		{5ADB3D9B-8423-49F1-8E47-488D92A69E53}.Debug|x86.Build.0 = Debug|Any CPU
		{5ADB3D9B-8423-49F1-8E47-488D92A69E53}.Release|Any CPU.ActiveCfg = Release|Any CPU
		{5ADB3D9B-8423-49F1-8E47-488D92A69E53}.Release|Any CPU.Build.0 = Release|Any CPU
		{5ADB3D9B-8423-49F1-8E47-488D92A69E53}.Release|x64.ActiveCfg = Release|Any CPU
		{5ADB3D9B-8423-49F1-8E47-488D92A69E53}.Release|x64.Build.0 = Release|Any CPU
		{5ADB3D9B-8423-49F1-8E47-488D92A69E53}.Release|x86.ActiveCfg = Release|Any CPU
		{5ADB3D9B-8423-49F1-8E47-488D92A69E53}.Release|x86.Build.0 = Release|Any CPU
	EndGlobalSection
EndGlobal
