
Microsoft Visual Studio Solution File, Format Version 12.00
# Visual Studio Version 17
VisualStudioVersion = 17.0.31903.59
MinimumVisualStudioVersion = 10.0.40219.1
Project("{FAE04EC0-301F-11D3-BF4B-00C04F79EFBC}") = "Project1_Value", "Project1_Value\Project1_Value.csproj", "{187E9DF5-3482-4F8E-9208-054DFD012AAC}"
EndProject
Project("{FAE04EC0-301F-11D3-BF4B-00C04F79EFBC}") = "Project2_Reference", "Project2_Reference\Project2_Reference.csproj", "{CF29B113-70F3-4B30-9AF7-D2B9165D45E1}"
EndProject
Project("{FAE04EC0-301F-11D3-BF4B-00C04F79EFBC}") = "Project3_Reference_String", "Project3_Reference_String\Project3_Reference_String.csproj", "{7C050FA0-88CA-42F1-8A8F-B9A3E741E2EC}"
EndProject
Project("{FAE04EC0-301F-11D3-BF4B-00C04F79EFBC}") = "Project4_StringMutableVsStringImmutable", "Project4_StringMutableVsStringImmutable\Project4_StringMutableVsStringImmutable.csproj", "{03999190-EF10-41D7-9952-417BC49DB206}"
EndProject
Global
	GlobalSection(SolutionConfigurationPlatforms) = preSolution
		Debug|Any CPU = Debug|Any CPU
		Release|Any CPU = Release|Any CPU
	EndGlobalSection
	GlobalSection(SolutionProperties) = preSolution
		HideSolutionNode = FALSE
	EndGlobalSection
	GlobalSection(ProjectConfigurationPlatforms) = postSolution
		{187E9DF5-3482-4F8E-9208-054DFD012AAC}.Debug|Any CPU.ActiveCfg = Debug|Any CPU
		{187E9DF5-3482-4F8E-9208-054DFD012AAC}.Debug|Any CPU.Build.0 = Debug|Any CPU
		{187E9DF5-3482-4F8E-9208-054DFD012AAC}.Release|Any CPU.ActiveCfg = Release|Any CPU
		{187E9DF5-3482-4F8E-9208-054DFD012AAC}.Release|Any CPU.Build.0 = Release|Any CPU
		{CF29B113-70F3-4B30-9AF7-D2B9165D45E1}.Debug|Any CPU.ActiveCfg = Debug|Any CPU
		{CF29B113-70F3-4B30-9AF7-D2B9165D45E1}.Debug|Any CPU.Build.0 = Debug|Any CPU
		{CF29B113-70F3-4B30-9AF7-D2B9165D45E1}.Release|Any CPU.ActiveCfg = Release|Any CPU
		{CF29B113-70F3-4B30-9AF7-D2B9165D45E1}.Release|Any CPU.Build.0 = Release|Any CPU
		{7C050FA0-88CA-42F1-8A8F-B9A3E741E2EC}.Debug|Any CPU.ActiveCfg = Debug|Any CPU
		{7C050FA0-88CA-42F1-8A8F-B9A3E741E2EC}.Debug|Any CPU.Build.0 = Debug|Any CPU
		{7C050FA0-88CA-42F1-8A8F-B9A3E741E2EC}.Release|Any CPU.ActiveCfg = Release|Any CPU
		{7C050FA0-88CA-42F1-8A8F-B9A3E741E2EC}.Release|Any CPU.Build.0 = Release|Any CPU
		{03999190-EF10-41D7-9952-417BC49DB206}.Debug|Any CPU.ActiveCfg = Debug|Any CPU
		{03999190-EF10-41D7-9952-417BC49DB206}.Debug|Any CPU.Build.0 = Debug|Any CPU
		{03999190-EF10-41D7-9952-417BC49DB206}.Release|Any CPU.ActiveCfg = Release|Any CPU
		{03999190-EF10-41D7-9952-417BC49DB206}.Release|Any CPU.Build.0 = Release|Any CPU
	EndGlobalSection
EndGlobal
