
Microsoft Visual Studio Solution File, Format Version 12.00
# Visual Studio Version 17
VisualStudioVersion = 17.0.31903.59
MinimumVisualStudioVersion = 10.0.40219.1
Project("{FAE04EC0-301F-11D3-BF4B-00C04F79EFBC}") = "Project1", "Project1\Project1.csproj", "{04327AF2-99C4-4AE6-B654-AE89A8EE0E3A}"
EndProject
Project("{FAE04EC0-301F-11D3-BF4B-00C04F79EFBC}") = "Project2", "Project2\Project2.csproj", "{23243229-ABF2-4832-9D9D-FD1A27013AE4}"
EndProject
Global
	GlobalSection(SolutionConfigurationPlatforms) = preSolution
		Debug|Any CPU = Debug|Any CPU
		Release|Any CPU = Release|Any CPU
	EndGlobalSection
	GlobalSection(SolutionProperties) = preSolution
		HideSolutionNode = FALSE
	EndGlobalSection
	GlobalSection(ProjectConfigurationPlatforms) = postSolution
		{04327AF2-99C4-4AE6-B654-AE89A8EE0E3A}.Debug|Any CPU.ActiveCfg = Debug|Any CPU
		{04327AF2-99C4-4AE6-B654-AE89A8EE0E3A}.Debug|Any CPU.Build.0 = Debug|Any CPU
		{04327AF2-99C4-4AE6-B654-AE89A8EE0E3A}.Release|Any CPU.ActiveCfg = Release|Any CPU
		{04327AF2-99C4-4AE6-B654-AE89A8EE0E3A}.Release|Any CPU.Build.0 = Release|Any CPU
		{23243229-ABF2-4832-9D9D-FD1A27013AE4}.Debug|Any CPU.ActiveCfg = Debug|Any CPU
		{23243229-ABF2-4832-9D9D-FD1A27013AE4}.Debug|Any CPU.Build.0 = Debug|Any CPU
		{23243229-ABF2-4832-9D9D-FD1A27013AE4}.Release|Any CPU.ActiveCfg = Release|Any CPU
		{23243229-ABF2-4832-9D9D-FD1A27013AE4}.Release|Any CPU.Build.0 = Release|Any CPU
	EndGlobalSection
EndGlobal
