
Microsoft Visual Studio Solution File, Format Version 12.00
# Visual Studio Version 17
VisualStudioVersion = 17.0.31903.59
MinimumVisualStudioVersion = 10.0.40219.1
Project("{FAE04EC0-301F-11D3-BF4B-00C04F79EFBC}") = "Project1_TryGarbageCollection", "Project1_TryGarbageCollection\Project1_TryGarbageCollection.csproj", "{991D6906-E924-4144-A083-8DBE49AD6DB7}"
EndProject
Project("{FAE04EC0-301F-11D3-BF4B-00C04F79EFBC}") = "Project1_StringBuilder", "Project1_StringBuilder\Project1_StringBuilder.csproj", "{0C71550F-01BC-4B66-94E2-8C7A7AFCB5F6}"
EndProject
Global
	GlobalSection(SolutionConfigurationPlatforms) = preSolution
		Debug|Any CPU = Debug|Any CPU
		Release|Any CPU = Release|Any CPU
	EndGlobalSection
	GlobalSection(SolutionProperties) = preSolution
		HideSolutionNode = FALSE
	EndGlobalSection
	GlobalSection(ProjectConfigurationPlatforms) = postSolution
		{991D6906-E924-4144-A083-8DBE49AD6DB7}.Debug|Any CPU.ActiveCfg = Debug|Any CPU
		{991D6906-E924-4144-A083-8DBE49AD6DB7}.Debug|Any CPU.Build.0 = Debug|Any CPU
		{991D6906-E924-4144-A083-8DBE49AD6DB7}.Release|Any CPU.ActiveCfg = Release|Any CPU
		{991D6906-E924-4144-A083-8DBE49AD6DB7}.Release|Any CPU.Build.0 = Release|Any CPU
		{0C71550F-01BC-4B66-94E2-8C7A7AFCB5F6}.Debug|Any CPU.ActiveCfg = Debug|Any CPU
		{0C71550F-01BC-4B66-94E2-8C7A7AFCB5F6}.Debug|Any CPU.Build.0 = Debug|Any CPU
		{0C71550F-01BC-4B66-94E2-8C7A7AFCB5F6}.Release|Any CPU.ActiveCfg = Release|Any CPU
		{0C71550F-01BC-4B66-94E2-8C7A7AFCB5F6}.Release|Any CPU.Build.0 = Release|Any CPU
	EndGlobalSection
EndGlobal
