
Microsoft Visual Studio Solution File, Format Version 12.00
# Visual Studio Version 17
VisualStudioVersion = 17.0.31903.59
MinimumVisualStudioVersion = 10.0.40219.1
Project("{FAE04EC0-301F-11D3-BF4B-00C04F79EFBC}") = "Before Using Froxy", "Before Using Froxy\Before Using Froxy.csproj", "{114541B8-66A7-4FBE-8049-E0C9BFF17BD1}"
EndProject
Project("{FAE04EC0-301F-11D3-BF4B-00C04F79EFBC}") = "After Using Froxy", "After Using Froxy\After Using Froxy.csproj", "{A2BB4993-BDBB-4AD1-B59A-B2105B1FE2BA}"
EndProject
Global
	GlobalSection(SolutionConfigurationPlatforms) = preSolution
		Debug|Any CPU = Debug|Any CPU
		Release|Any CPU = Release|Any CPU
	EndGlobalSection
	GlobalSection(SolutionProperties) = preSolution
		HideSolutionNode = FALSE
	EndGlobalSection
	GlobalSection(ProjectConfigurationPlatforms) = postSolution
		{114541B8-66A7-4FBE-8049-E0C9BFF17BD1}.Debug|Any CPU.ActiveCfg = Debug|Any CPU
		{114541B8-66A7-4FBE-8049-E0C9BFF17BD1}.Debug|Any CPU.Build.0 = Debug|Any CPU
		{114541B8-66A7-4FBE-8049-E0C9BFF17BD1}.Release|Any CPU.ActiveCfg = Release|Any CPU
		{114541B8-66A7-4FBE-8049-E0C9BFF17BD1}.Release|Any CPU.Build.0 = Release|Any CPU
		{A2BB4993-BDBB-4AD1-B59A-B2105B1FE2BA}.Debug|Any CPU.ActiveCfg = Debug|Any CPU
		{A2BB4993-BDBB-4AD1-B59A-B2105B1FE2BA}.Debug|Any CPU.Build.0 = Debug|Any CPU
		{A2BB4993-BDBB-4AD1-B59A-B2105B1FE2BA}.Release|Any CPU.ActiveCfg = Release|Any CPU
		{A2BB4993-BDBB-4AD1-B59A-B2105B1FE2BA}.Release|Any CPU.Build.0 = Release|Any CPU
	EndGlobalSection
EndGlobal
